{
  "name": "projects",
  "version": "1.0.0",
  "lockfileVersion": 3,
  "requires": true,
  "packages": {
    "": {
      "name": "projects",
      "version": "1.0.0",
      "license": "ISC",
      "dependencies": {
        "@mathigon/boost": "^1.2.31"
      },
      "devDependencies": {
        "typescript": "^5.8.3"
      }
    },
    "node_modules/@mathigon/boost": {
      "version": "1.2.31",
      "resolved": "https://registry.npmjs.org/@mathigon/boost/-/boost-1.2.31.tgz",
      "integrity": "sha512-GpzvRVpLIq/YQzLl3na0RFF9dk/lCFm1QWsm6Rdo9EY6Xpdw3kGosA4IDq26wKJzdelG0scJR1bLo4Ek42gATw==",
      "license": "MIT",
      "dependencies": {
        "@mathigon/core": "1.1.23",
        "@mathigon/euclid": "1.2.4",
        "@mathigon/fermat": "1.1.24"
      },
      "engines": {
        "node": ">=16"
      }
    },
    "node_modules/@mathigon/core": {
      "version": "1.1.23",
      "resolved": "https://registry.npmjs.org/@mathigon/core/-/core-1.1.23.tgz",
      "integrity": "sha512-V7x0bX8EEZtdpyVBs5joac5L9MofbSjE1l1hpEPZhxnfz319tQ9ZHUt/ED7tMxmloD4OyxRbu/H55WZjqEnU7g==",
      "license": "MIT",
      "engines": {
        "node": ">=16"
      }
    },
    "node_modules/@mathigon/euclid": {
      "version": "1.2.4",
      "resolved": "https://registry.npmjs.org/@mathigon/euclid/-/euclid-1.2.4.tgz",
      "integrity": "sha512-J6ePC0eMzqKf/yNqOqq2N+GJaMvrs+aBAVOktTCI0E55NDj4C96H0ZM/dle3+YlNDjscSoqIr50eiGvo2prQdw==",
      "license": "MIT",
      "dependencies": {
        "@mathigon/core": "1.1.23",
        "@mathigon/fermat": "1.1.24"
      },
      "engines": {
        "node": ">=16"
      }
    },
    "node_modules/@mathigon/fermat": {
      "version": "1.1.24",
      "resolved": "https://registry.npmjs.org/@mathigon/fermat/-/fermat-1.1.24.tgz",
      "integrity": "sha512-OV2Zy70BmAXAkGgyW26oAcoWSc35Euc8twnA0E0isiP3zKBC5NnZJ8lJ0WErbVRO41B5LxuyJjLTrv6+Qsph7A==",
      "license": "MIT",
      "dependencies": {
        "@mathigon/core": "1.1.23"
      },
      "engines": {
        "node": ">=16"
      }
    },
    "node_modules/typescript": {
      "version": "5.8.3",
      "resolved": "https://registry.npmjs.org/typescript/-/typescript-5.8.3.tgz",
      "integrity": "sha512-p1diW6TqL9L07nNxvRMM7hMMw4c5XOo/1ibL4aAIGmSAt9slTE1Xgw5KWuof2uTOvCg9BY7ZRi+GaF+7sfgPeQ==",
      "dev": true,
      "license": "Apache-2.0",
      "bin": {
        "tsc": "bin/tsc",
        "tsserver": "bin/tsserver"
      },
      "engines": {
        "node": ">=14.17"
      }
    }
  }
}
